# generated by rye
# use `rye lock` or `rye sync` to update this lockfile
#
# last locked with the following flags:
#   pre: false
#   features: []
#   all-features: false
#   with-sources: false
#   generate-hashes: false
#   universal: false

-e file:.
cfgv==3.4.0
    # via pre-commit
coverage==7.6.7
    # via pytest-cov
distlib==0.3.9
    # via virtualenv
filelock==3.16.1
    # via gpurun
    # via virtualenv
identify==2.6.2
    # via pre-commit
iniconfig==2.0.0
    # via pytest
nodeenv==1.9.1
    # via pre-commit
    # via pyright
packaging==24.2
    # via pytest
platformdirs==4.3.6
    # via virtualenv
pluggy==1.5.0
    # via pytest
pre-commit==4.0.1
pyright==1.1.389
pytest==8.3.3
    # via pytest-cov
pytest-cov==6.0.0
pyyaml==6.0.2
    # via pre-commit
ruff==0.8.0
typing-extensions==4.12.2
    # via pyright
virtualenv==20.27.1
    # via pre-commit
